
Microsoft Visual Studio Solution File, Format Version 12.00
# Visual Studio 15
VisualStudioVersion = 15.0.28307.705
MinimumVisualStudioVersion = 10.0.40219.1
Project("{FAE04EC0-301F-11D3-BF4B-00C04F79EFBC}") = "App02_Xamarin.Android", "App02_Xamarin\App02_Xamarin.Android\App02_Xamarin.Android.csproj", "{46FE84B9-72CA-4511-ACFD-5BC21E7ED8B0}"
EndProject
Project("{FAE04EC0-301F-11D3-BF4B-00C04F79EFBC}") = "App02_Xamarin.iOS", "App02_Xamarin\App02_Xamarin.iOS\App02_Xamarin.iOS.csproj", "{A01C6A79-B5D3-474D-8264-BB1C57B080B0}"
EndProject
Project("{FAE04EC0-301F-11D3-BF4B-00C04F79EFBC}") = "App02_Xamarin.UWP", "App02_Xamarin\App02_Xamarin.UWP\App02_Xamarin.UWP.csproj", "{461E0500-5DE8-449A-99B6-091D3B364DDF}"
EndProject
Project("{FAE04EC0-301F-11D3-BF4B-00C04F79EFBC}") = "App02_Xamarin", "App02_Xamarin\App02_Xamarin\App02_Xamarin.csproj", "{F190095B-573A-4458-956C-9A85FBDA88BD}"
EndProject
Global
	GlobalSection(SolutionConfigurationPlatforms) = preSolution
		Ad-Hoc|Any CPU = Ad-Hoc|Any CPU
		Ad-Hoc|ARM = Ad-Hoc|ARM
		Ad-Hoc|iPhone = Ad-Hoc|iPhone
		Ad-Hoc|iPhoneSimulator = Ad-Hoc|iPhoneSimulator
		Ad-Hoc|x64 = Ad-Hoc|x64
		Ad-Hoc|x86 = Ad-Hoc|x86
		AppStore|Any CPU = AppStore|Any CPU
		AppStore|ARM = AppStore|ARM
		AppStore|iPhone = AppStore|iPhone
		AppStore|iPhoneSimulator = AppStore|iPhoneSimulator
		AppStore|x64 = AppStore|x64
		AppStore|x86 = AppStore|x86
		Debug|Any CPU = Debug|Any CPU
		Debug|ARM = Debug|ARM
		Debug|iPhone = Debug|iPhone
		Debug|iPhoneSimulator = Debug|iPhoneSimulator
		Debug|x64 = Debug|x64
		Debug|x86 = Debug|x86
		Release|Any CPU = Release|Any CPU
		Release|ARM = Release|ARM
		Release|iPhone = Release|iPhone
		Release|iPhoneSimulator = Release|iPhoneSimulator
		Release|x64 = Release|x64
		Release|x86 = Release|x86
	EndGlobalSection
	GlobalSection(ProjectConfigurationPlatforms) = postSolution
		{46FE84B9-72CA-4511-ACFD-5BC21E7ED8B0}.Ad-Hoc|Any CPU.ActiveCfg = Release|Any CPU
		{46FE84B9-72CA-4511-ACFD-5BC21E7ED8B0}.Ad-Hoc|Any CPU.Build.0 = Release|Any CPU
		{46FE84B9-72CA-4511-ACFD-5BC21E7ED8B0}.Ad-Hoc|Any CPU.Deploy.0 = Release|Any CPU
		{46FE84B9-72CA-4511-ACFD-5BC21E7ED8B0}.Ad-Hoc|ARM.ActiveCfg = Release|Any CPU
		{46FE84B9-72CA-4511-ACFD-5BC21E7ED8B0}.Ad-Hoc|ARM.Build.0 = Release|Any CPU
		{46FE84B9-72CA-4511-ACFD-5BC21E7ED8B0}.Ad-Hoc|ARM.Deploy.0 = Release|Any CPU
		{46FE84B9-72CA-4511-ACFD-5BC21E7ED8B0}.Ad-Hoc|iPhone.ActiveCfg = Release|Any CPU
		{46FE84B9-72CA-4511-ACFD-5BC21E7ED8B0}.Ad-Hoc|iPhone.Build.0 = Release|Any CPU
		{46FE84B9-72CA-4511-ACFD-5BC21E7ED8B0}.Ad-Hoc|iPhone.Deploy.0 = Release|Any CPU
		{46FE84B9-72CA-4511-ACFD-5BC21E7ED8B0}.Ad-Hoc|iPhoneSimulator.ActiveCfg = Release|Any CPU
		{46FE84B9-72CA-4511-ACFD-5BC21E7ED8B0}.Ad-Hoc|iPhoneSimulator.Build.0 = Release|Any CPU
		{46FE84B9-72CA-4511-ACFD-5BC21E7ED8B0}.Ad-Hoc|iPhoneSimulator.Deploy.0 = Release|Any CPU
		{46FE84B9-72CA-4511-ACFD-5BC21E7ED8B0}.Ad-Hoc|x64.ActiveCfg = Release|Any CPU
		{46FE84B9-72CA-4511-ACFD-5BC21E7ED8B0}.Ad-Hoc|x64.Build.0 = Release|Any CPU
		{46FE84B9-72CA-4511-ACFD-5BC21E7ED8B0}.Ad-Hoc|x64.Deploy.0 = Release|Any CPU
		{46FE84B9-72CA-4511-ACFD-5BC21E7ED8B0}.Ad-Hoc|x86.ActiveCfg = Release|Any CPU
		{46FE84B9-72CA-4511-ACFD-5BC21E7ED8B0}.Ad-Hoc|x86.Build.0 = Release|Any CPU
		{46FE84B9-72CA-4511-ACFD-5BC21E7ED8B0}.Ad-Hoc|x86.Deploy.0 = Release|Any CPU
		{46FE84B9-72CA-4511-ACFD-5BC21E7ED8B0}.AppStore|Any CPU.ActiveCfg = Release|Any CPU
		{46FE84B9-72CA-4511-ACFD-5BC21E7ED8B0}.AppStore|Any CPU.Build.0 = Release|Any CPU
		{46FE84B9-72CA-4511-ACFD-5BC21E7ED8B0}.AppStore|Any CPU.Deploy.0 = Release|Any CPU
		{46FE84B9-72CA-4511-ACFD-5BC21E7ED8B0}.AppStore|ARM.ActiveCfg = Release|Any CPU
		{46FE84B9-72CA-4511-ACFD-5BC21E7ED8B0}.AppStore|ARM.Build.0 = Release|Any CPU
		{46FE84B9-72CA-4511-ACFD-5BC21E7ED8B0}.AppStore|ARM.Deploy.0 = Release|Any CPU
		{46FE84B9-72CA-4511-ACFD-5BC21E7ED8B0}.AppStore|iPhone.ActiveCfg = Release|Any CPU
		{46FE84B9-72CA-4511-ACFD-5BC21E7ED8B0}.AppStore|iPhone.Build.0 = Release|Any CPU
		{46FE84B9-72CA-4511-ACFD-5BC21E7ED8B0}.AppStore|iPhone.Deploy.0 = Release|Any CPU
		{46FE84B9-72CA-4511-ACFD-5BC21E7ED8B0}.AppStore|iPhoneSimulator.ActiveCfg = Release|Any CPU
		{46FE84B9-72CA-4511-ACFD-5BC21E7ED8B0}.AppStore|iPhoneSimulator.Build.0 = Release|Any CPU
		{46FE84B9-72CA-4511-ACFD-5BC21E7ED8B0}.AppStore|iPhoneSimulator.Deploy.0 = Release|Any CPU
		{46FE84B9-72CA-4511-ACFD-5BC21E7ED8B0}.AppStore|x64.ActiveCfg = Release|Any CPU
		{46FE84B9-72CA-4511-ACFD-5BC21E7ED8B0}.AppStore|x64.Build.0 = Release|Any CPU
		{46FE84B9-72CA-4511-ACFD-5BC21E7ED8B0}.AppStore|x64.Deploy.0 = Release|Any CPU
		{46FE84B9-72CA-4511-ACFD-5BC21E7ED8B0}.AppStore|x86.ActiveCfg = Release|Any CPU
		{46FE84B9-72CA-4511-ACFD-5BC21E7ED8B0}.AppStore|x86.Build.0 = Release|Any CPU
		{46FE84B9-72CA-4511-ACFD-5BC21E7ED8B0}.AppStore|x86.Deploy.0 = Release|Any CPU
		{46FE84B9-72CA-4511-ACFD-5BC21E7ED8B0}.Debug|Any CPU.ActiveCfg = Debug|Any CPU
		{46FE84B9-72CA-4511-ACFD-5BC21E7ED8B0}.Debug|Any CPU.Build.0 = Debug|Any CPU
		{46FE84B9-72CA-4511-ACFD-5BC21E7ED8B0}.Debug|Any CPU.Deploy.0 = Debug|Any CPU
		{46FE84B9-72CA-4511-ACFD-5BC21E7ED8B0}.Debug|ARM.ActiveCfg = Debug|Any CPU
		{46FE84B9-72CA-4511-ACFD-5BC21E7ED8B0}.Debug|ARM.Build.0 = Debug|Any CPU
		{46FE84B9-72CA-4511-ACFD-5BC21E7ED8B0}.Debug|ARM.Deploy.0 = Debug|Any CPU
		{46FE84B9-72CA-4511-ACFD-5BC21E7ED8B0}.Debug|iPhone.ActiveCfg = Debug|Any CPU
		{46FE84B9-72CA-4511-ACFD-5BC21E7ED8B0}.Debug|iPhone.Build.0 = Debug|Any CPU
		{46FE84B9-72CA-4511-ACFD-5BC21E7ED8B0}.Debug|iPhone.Deploy.0 = Debug|Any CPU
		{46FE84B9-72CA-4511-ACFD-5BC21E7ED8B0}.Debug|iPhoneSimulator.ActiveCfg = Debug|Any CPU
		{46FE84B9-72CA-4511-ACFD-5BC21E7ED8B0}.Debug|iPhoneSimulator.Build.0 = Debug|Any CPU
		{46FE84B9-72CA-4511-ACFD-5BC21E7ED8B0}.Debug|iPhoneSimulator.Deploy.0 = Debug|Any CPU
		{46FE84B9-72CA-4511-ACFD-5BC21E7ED8B0}.Debug|x64.ActiveCfg = Debug|Any CPU
		{46FE84B9-72CA-4511-ACFD-5BC21E7ED8B0}.Debug|x64.Build.0 = Debug|Any CPU
		{46FE84B9-72CA-4511-ACFD-5BC21E7ED8B0}.Debug|x64.Deploy.0 = Debug|Any CPU
		{46FE84B9-72CA-4511-ACFD-5BC21E7ED8B0}.Debug|x86.ActiveCfg = Debug|Any CPU
		{46FE84B9-72CA-4511-ACFD-5BC21E7ED8B0}.Debug|x86.Build.0 = Debug|Any CPU
		{46FE84B9-72CA-4511-ACFD-5BC21E7ED8B0}.Debug|x86.Deploy.0 = Debug|Any CPU
		{46FE84B9-72CA-4511-ACFD-5BC21E7ED8B0}.Release|Any CPU.ActiveCfg = Release|Any CPU
		{46FE84B9-72CA-4511-ACFD-5BC21E7ED8B0}.Release|Any CPU.Build.0 = Release|Any CPU
		{46FE84B9-72CA-4511-ACFD-5BC21E7ED8B0}.Release|Any CPU.Deploy.0 = Release|Any CPU
		{46FE84B9-72CA-4511-ACFD-5BC21E7ED8B0}.Release|ARM.ActiveCfg = Release|Any CPU
		{46FE84B9-72CA-4511-ACFD-5BC21E7ED8B0}.Release|ARM.Build.0 = Release|Any CPU
		{46FE84B9-72CA-4511-ACFD-5BC21E7ED8B0}.Release|ARM.Deploy.0 = Release|Any CPU
		{46FE84B9-72CA-4511-ACFD-5BC21E7ED8B0}.Release|iPhone.ActiveCfg = Release|Any CPU
		{46FE84B9-72CA-4511-ACFD-5BC21E7ED8B0}.Release|iPhone.Build.0 = Release|Any CPU
		{46FE84B9-72CA-4511-ACFD-5BC21E7ED8B0}.Release|iPhone.Deploy.0 = Release|Any CPU
		{46FE84B9-72CA-4511-ACFD-5BC21E7ED8B0}.Release|iPhoneSimulator.ActiveCfg = Release|Any CPU
		{46FE84B9-72CA-4511-ACFD-5BC21E7ED8B0}.Release|iPhoneSimulator.Build.0 = Release|Any CPU
		{46FE84B9-72CA-4511-ACFD-5BC21E7ED8B0}.Release|iPhoneSimulator.Deploy.0 = Release|Any CPU
		{46FE84B9-72CA-4511-ACFD-5BC21E7ED8B0}.Release|x64.ActiveCfg = Release|Any CPU
		{46FE84B9-72CA-4511-ACFD-5BC21E7ED8B0}.Release|x64.Build.0 = Release|Any CPU
		{46FE84B9-72CA-4511-ACFD-5BC21E7ED8B0}.Release|x64.Deploy.0 = Release|Any CPU
		{46FE84B9-72CA-4511-ACFD-5BC21E7ED8B0}.Release|x86.ActiveCfg = Release|Any CPU
		{46FE84B9-72CA-4511-ACFD-5BC21E7ED8B0}.Release|x86.Build.0 = Release|Any CPU
		{46FE84B9-72CA-4511-ACFD-5BC21E7ED8B0}.Release|x86.Deploy.0 = Release|Any CPU
		{A01C6A79-B5D3-474D-8264-BB1C57B080B0}.Ad-Hoc|Any CPU.ActiveCfg = Ad-Hoc|iPhone
		{A01C6A79-B5D3-474D-8264-BB1C57B080B0}.Ad-Hoc|Any CPU.Build.0 = Ad-Hoc|iPhone
		{A01C6A79-B5D3-474D-8264-BB1C57B080B0}.Ad-Hoc|Any CPU.Deploy.0 = Ad-Hoc|iPhone
		{A01C6A79-B5D3-474D-8264-BB1C57B080B0}.Ad-Hoc|ARM.ActiveCfg = Ad-Hoc|iPhone
		{A01C6A79-B5D3-474D-8264-BB1C57B080B0}.Ad-Hoc|ARM.Build.0 = Ad-Hoc|iPhone
		{A01C6A79-B5D3-474D-8264-BB1C57B080B0}.Ad-Hoc|ARM.Deploy.0 = Ad-Hoc|iPhone
		{A01C6A79-B5D3-474D-8264-BB1C57B080B0}.Ad-Hoc|iPhone.ActiveCfg = Ad-Hoc|iPhone
		{A01C6A79-B5D3-474D-8264-BB1C57B080B0}.Ad-Hoc|iPhone.Build.0 = Ad-Hoc|iPhone
		{A01C6A79-B5D3-474D-8264-BB1C57B080B0}.Ad-Hoc|iPhone.Deploy.0 = Ad-Hoc|iPhone
		{A01C6A79-B5D3-474D-8264-BB1C57B080B0}.Ad-Hoc|iPhoneSimulator.ActiveCfg = Ad-Hoc|iPhoneSimulator
		{A01C6A79-B5D3-474D-8264-BB1C57B080B0}.Ad-Hoc|iPhoneSimulator.Build.0 = Ad-Hoc|iPhoneSimulator
		{A01C6A79-B5D3-474D-8264-BB1C57B080B0}.Ad-Hoc|iPhoneSimulator.Deploy.0 = Ad-Hoc|iPhoneSimulator
		{A01C6A79-B5D3-474D-8264-BB1C57B080B0}.Ad-Hoc|x64.ActiveCfg = Ad-Hoc|iPhone
		{A01C6A79-B5D3-474D-8264-BB1C57B080B0}.Ad-Hoc|x64.Build.0 = Ad-Hoc|iPhone
		{A01C6A79-B5D3-474D-8264-BB1C57B080B0}.Ad-Hoc|x64.Deploy.0 = Ad-Hoc|iPhone
		{A01C6A79-B5D3-474D-8264-BB1C57B080B0}.Ad-Hoc|x86.ActiveCfg = Ad-Hoc|iPhone
		{A01C6A79-B5D3-474D-8264-BB1C57B080B0}.Ad-Hoc|x86.Build.0 = Ad-Hoc|iPhone
		{A01C6A79-B5D3-474D-8264-BB1C57B080B0}.Ad-Hoc|x86.Deploy.0 = Ad-Hoc|iPhone
		{A01C6A79-B5D3-474D-8264-BB1C57B080B0}.AppStore|Any CPU.ActiveCfg = AppStore|iPhone
		{A01C6A79-B5D3-474D-8264-BB1C57B080B0}.AppStore|Any CPU.Build.0 = AppStore|iPhone
		{A01C6A79-B5D3-474D-8264-BB1C57B080B0}.AppStore|Any CPU.Deploy.0 = AppStore|iPhone
		{A01C6A79-B5D3-474D-8264-BB1C57B080B0}.AppStore|ARM.ActiveCfg = AppStore|iPhone
		{A01C6A79-B5D3-474D-8264-BB1C57B080B0}.AppStore|ARM.Build.0 = AppStore|iPhone
		{A01C6A79-B5D3-474D-8264-BB1C57B080B0}.AppStore|ARM.Deploy.0 = AppStore|iPhone
		{A01C6A79-B5D3-474D-8264-BB1C57B080B0}.AppStore|iPhone.ActiveCfg = AppStore|iPhone
		{A01C6A79-B5D3-474D-8264-BB1C57B080B0}.AppStore|iPhone.Build.0 = AppStore|iPhone
		{A01C6A79-B5D3-474D-8264-BB1C57B080B0}.AppStore|iPhone.Deploy.0 = AppStore|iPhone
		{A01C6A79-B5D3-474D-8264-BB1C57B080B0}.AppStore|iPhoneSimulator.ActiveCfg = AppStore|iPhoneSimulator
		{A01C6A79-B5D3-474D-8264-BB1C57B080B0}.AppStore|iPhoneSimulator.Build.0 = AppStore|iPhoneSimulator
		{A01C6A79-B5D3-474D-8264-BB1C57B080B0}.AppStore|iPhoneSimulator.Deploy.0 = AppStore|iPhoneSimulator
		{A01C6A79-B5D3-474D-8264-BB1C57B080B0}.AppStore|x64.ActiveCfg = AppStore|iPhone
		{A01C6A79-B5D3-474D-8264-BB1C57B080B0}.AppStore|x64.Build.0 = AppStore|iPhone
		{A01C6A79-B5D3-474D-8264-BB1C57B080B0}.AppStore|x64.Deploy.0 = AppStore|iPhone
		{A01C6A79-B5D3-474D-8264-BB1C57B080B0}.AppStore|x86.ActiveCfg = AppStore|iPhone
		{A01C6A79-B5D3-474D-8264-BB1C57B080B0}.AppStore|x86.Build.0 = AppStore|iPhone
		{A01C6A79-B5D3-474D-8264-BB1C57B080B0}.AppStore|x86.Deploy.0 = AppStore|iPhone
		{A01C6A79-B5D3-474D-8264-BB1C57B080B0}.Debug|Any CPU.ActiveCfg = Debug|iPhoneSimulator
		{A01C6A79-B5D3-474D-8264-BB1C57B080B0}.Debug|Any CPU.Build.0 = Debug|iPhoneSimulator
		{A01C6A79-B5D3-474D-8264-BB1C57B080B0}.Debug|Any CPU.Deploy.0 = Debug|iPhoneSimulator
		{A01C6A79-B5D3-474D-8264-BB1C57B080B0}.Debug|ARM.ActiveCfg = Debug|iPhone
		{A01C6A79-B5D3-474D-8264-BB1C57B080B0}.Debug|ARM.Build.0 = Debug|iPhone
		{A01C6A79-B5D3-474D-8264-BB1C57B080B0}.Debug|ARM.Deploy.0 = Debug|iPhone
		{A01C6A79-B5D3-474D-8264-BB1C57B080B0}.Debug|iPhone.ActiveCfg = Debug|iPhone
		{A01C6A79-B5D3-474D-8264-BB1C57B080B0}.Debug|iPhone.Build.0 = Debug|iPhone
		{A01C6A79-B5D3-474D-8264-BB1C57B080B0}.Debug|iPhone.Deploy.0 = Debug|iPhone
		{A01C6A79-B5D3-474D-8264-BB1C57B080B0}.Debug|iPhoneSimulator.ActiveCfg = Debug|iPhoneSimulator
		{A01C6A79-B5D3-474D-8264-BB1C57B080B0}.Debug|iPhoneSimulator.Build.0 = Debug|iPhoneSimulator
		{A01C6A79-B5D3-474D-8264-BB1C57B080B0}.Debug|iPhoneSimulator.Deploy.0 = Debug|iPhoneSimulator
		{A01C6A79-B5D3-474D-8264-BB1C57B080B0}.Debug|x64.ActiveCfg = Debug|iPhone
		{A01C6A79-B5D3-474D-8264-BB1C57B080B0}.Debug|x64.Build.0 = Debug|iPhone
		{A01C6A79-B5D3-474D-8264-BB1C57B080B0}.Debug|x64.Deploy.0 = Debug|iPhone
		{A01C6A79-B5D3-474D-8264-BB1C57B080B0}.Debug|x86.ActiveCfg = Debug|iPhone
		{A01C6A79-B5D3-474D-8264-BB1C57B080B0}.Debug|x86.Build.0 = Debug|iPhone
		{A01C6A79-B5D3-474D-8264-BB1C57B080B0}.Debug|x86.Deploy.0 = Debug|iPhone
		{A01C6A79-B5D3-474D-8264-BB1C57B080B0}.Release|Any CPU.ActiveCfg = Release|iPhone
		{A01C6A79-B5D3-474D-8264-BB1C57B080B0}.Release|Any CPU.Build.0 = Release|iPhone
		{A01C6A79-B5D3-474D-8264-BB1C57B080B0}.Release|Any CPU.Deploy.0 = Release|iPhone
		{A01C6A79-B5D3-474D-8264-BB1C57B080B0}.Release|ARM.ActiveCfg = Release|iPhone
		{A01C6A79-B5D3-474D-8264-BB1C57B080B0}.Release|ARM.Build.0 = Release|iPhone
		{A01C6A79-B5D3-474D-8264-BB1C57B080B0}.Release|ARM.Deploy.0 = Release|iPhone
		{A01C6A79-B5D3-474D-8264-BB1C57B080B0}.Release|iPhone.ActiveCfg = Release|iPhone
		{A01C6A79-B5D3-474D-8264-BB1C57B080B0}.Release|iPhone.Build.0 = Release|iPhone
		{A01C6A79-B5D3-474D-8264-BB1C57B080B0}.Release|iPhone.Deploy.0 = Release|iPhone
		{A01C6A79-B5D3-474D-8264-BB1C57B080B0}.Release|iPhoneSimulator.ActiveCfg = Release|iPhoneSimulator
		{A01C6A79-B5D3-474D-8264-BB1C57B080B0}.Release|iPhoneSimulator.Build.0 = Release|iPhoneSimulator
		{A01C6A79-B5D3-474D-8264-BB1C57B080B0}.Release|iPhoneSimulator.Deploy.0 = Release|iPhoneSimulator
		{A01C6A79-B5D3-474D-8264-BB1C57B080B0}.Release|x64.ActiveCfg = Release|iPhone
		{A01C6A79-B5D3-474D-8264-BB1C57B080B0}.Release|x64.Build.0 = Release|iPhone
		{A01C6A79-B5D3-474D-8264-BB1C57B080B0}.Release|x64.Deploy.0 = Release|iPhone
		{A01C6A79-B5D3-474D-8264-BB1C57B080B0}.Release|x86.ActiveCfg = Release|iPhone
		{A01C6A79-B5D3-474D-8264-BB1C57B080B0}.Release|x86.Build.0 = Release|iPhone
		{A01C6A79-B5D3-474D-8264-BB1C57B080B0}.Release|x86.Deploy.0 = Release|iPhone
		{461E0500-5DE8-449A-99B6-091D3B364DDF}.Ad-Hoc|Any CPU.ActiveCfg = Release|x86
		{461E0500-5DE8-449A-99B6-091D3B364DDF}.Ad-Hoc|Any CPU.Build.0 = Release|x86
		{461E0500-5DE8-449A-99B6-091D3B364DDF}.Ad-Hoc|Any CPU.Deploy.0 = Release|x86
		{461E0500-5DE8-449A-99B6-091D3B364DDF}.Ad-Hoc|ARM.ActiveCfg = Release|ARM
		{461E0500-5DE8-449A-99B6-091D3B364DDF}.Ad-Hoc|ARM.Build.0 = Release|ARM
		{461E0500-5DE8-449A-99B6-091D3B364DDF}.Ad-Hoc|ARM.Deploy.0 = Release|ARM
		{461E0500-5DE8-449A-99B6-091D3B364DDF}.Ad-Hoc|iPhone.ActiveCfg = Release|x86
		{461E0500-5DE8-449A-99B6-091D3B364DDF}.Ad-Hoc|iPhone.Build.0 = Release|x86
		{461E0500-5DE8-449A-99B6-091D3B364DDF}.Ad-Hoc|iPhone.Deploy.0 = Release|x86
		{461E0500-5DE8-449A-99B6-091D3B364DDF}.Ad-Hoc|iPhoneSimulator.ActiveCfg = Release|x86
		{461E0500-5DE8-449A-99B6-091D3B364DDF}.Ad-Hoc|iPhoneSimulator.Build.0 = Release|x86
		{461E0500-5DE8-449A-99B6-091D3B364DDF}.Ad-Hoc|iPhoneSimulator.Deploy.0 = Release|x86
		{461E0500-5DE8-449A-99B6-091D3B364DDF}.Ad-Hoc|x64.ActiveCfg = Release|x64
		{461E0500-5DE8-449A-99B6-091D3B364DDF}.Ad-Hoc|x64.Build.0 = Release|x64
		{461E0500-5DE8-449A-99B6-091D3B364DDF}.Ad-Hoc|x64.Deploy.0 = Release|x64
		{461E0500-5DE8-449A-99B6-091D3B364DDF}.Ad-Hoc|x86.ActiveCfg = Release|x86
		{461E0500-5DE8-449A-99B6-091D3B364DDF}.Ad-Hoc|x86.Build.0 = Release|x86
		{461E0500-5DE8-449A-99B6-091D3B364DDF}.Ad-Hoc|x86.Deploy.0 = Release|x86
		{461E0500-5DE8-449A-99B6-091D3B364DDF}.AppStore|Any CPU.ActiveCfg = Release|x86
		{461E0500-5DE8-449A-99B6-091D3B364DDF}.AppStore|Any CPU.Build.0 = Release|x86
		{461E0500-5DE8-449A-99B6-091D3B364DDF}.AppStore|Any CPU.Deploy.0 = Release|x86
		{461E0500-5DE8-449A-99B6-091D3B364DDF}.AppStore|ARM.ActiveCfg = Release|ARM
		{461E0500-5DE8-449A-99B6-091D3B364DDF}.AppStore|ARM.Build.0 = Release|ARM
		{461E0500-5DE8-449A-99B6-091D3B364DDF}.AppStore|ARM.Deploy.0 = Release|ARM
		{461E0500-5DE8-449A-99B6-091D3B364DDF}.AppStore|iPhone.ActiveCfg = Release|x86
		{461E0500-5DE8-449A-99B6-091D3B364DDF}.AppStore|iPhone.Build.0 = Release|x86
		{461E0500-5DE8-449A-99B6-091D3B364DDF}.AppStore|iPhone.Deploy.0 = Release|x86
		{461E0500-5DE8-449A-99B6-091D3B364DDF}.AppStore|iPhoneSimulator.ActiveCfg = Release|x86
		{461E0500-5DE8-449A-99B6-091D3B364DDF}.AppStore|iPhoneSimulator.Build.0 = Release|x86
		{461E0500-5DE8-449A-99B6-091D3B364DDF}.AppStore|iPhoneSimulator.Deploy.0 = Release|x86
		{461E0500-5DE8-449A-99B6-091D3B364DDF}.AppStore|x64.ActiveCfg = Release|x64
		{461E0500-5DE8-449A-99B6-091D3B364DDF}.AppStore|x64.Build.0 = Release|x64
		{461E0500-5DE8-449A-99B6-091D3B364DDF}.AppStore|x64.Deploy.0 = Release|x64
		{461E0500-5DE8-449A-99B6-091D3B364DDF}.AppStore|x86.ActiveCfg = Release|x86
		{461E0500-5DE8-449A-99B6-091D3B364DDF}.AppStore|x86.Build.0 = Release|x86
		{461E0500-5DE8-449A-99B6-091D3B364DDF}.AppStore|x86.Deploy.0 = Release|x86
		{461E0500-5DE8-449A-99B6-091D3B364DDF}.Debug|Any CPU.ActiveCfg = Debug|x86
		{461E0500-5DE8-449A-99B6-091D3B364DDF}.Debug|Any CPU.Build.0 = Debug|x86
		{461E0500-5DE8-449A-99B6-091D3B364DDF}.Debug|Any CPU.Deploy.0 = Debug|x86
		{461E0500-5DE8-449A-99B6-091D3B364DDF}.Debug|ARM.ActiveCfg = Debug|ARM
		{461E0500-5DE8-449A-99B6-091D3B364DDF}.Debug|ARM.Build.0 = Debug|ARM
		{461E0500-5DE8-449A-99B6-091D3B364DDF}.Debug|ARM.Deploy.0 = Debug|ARM
		{461E0500-5DE8-449A-99B6-091D3B364DDF}.Debug|iPhone.ActiveCfg = Debug|x86
		{461E0500-5DE8-449A-99B6-091D3B364DDF}.Debug|iPhone.Build.0 = Debug|x86
		{461E0500-5DE8-449A-99B6-091D3B364DDF}.Debug|iPhone.Deploy.0 = Debug|x86
		{461E0500-5DE8-449A-99B6-091D3B364DDF}.Debug|iPhoneSimulator.ActiveCfg = Debug|x86
		{461E0500-5DE8-449A-99B6-091D3B364DDF}.Debug|iPhoneSimulator.Build.0 = Debug|x86
		{461E0500-5DE8-449A-99B6-091D3B364DDF}.Debug|iPhoneSimulator.Deploy.0 = Debug|x86
		{461E0500-5DE8-449A-99B6-091D3B364DDF}.Debug|x64.ActiveCfg = Debug|x64
		{461E0500-5DE8-449A-99B6-091D3B364DDF}.Debug|x64.Build.0 = Debug|x64
		{461E0500-5DE8-449A-99B6-091D3B364DDF}.Debug|x64.Deploy.0 = Debug|x64
		{461E0500-5DE8-449A-99B6-091D3B364DDF}.Debug|x86.ActiveCfg = Debug|x86
		{461E0500-5DE8-449A-99B6-091D3B364DDF}.Debug|x86.Build.0 = Debug|x86
		{461E0500-5DE8-449A-99B6-091D3B364DDF}.Debug|x86.Deploy.0 = Debug|x86
		{461E0500-5DE8-449A-99B6-091D3B364DDF}.Release|Any CPU.ActiveCfg = Release|x86
		{461E0500-5DE8-449A-99B6-091D3B364DDF}.Release|Any CPU.Build.0 = Release|x86
		{461E0500-5DE8-449A-99B6-091D3B364DDF}.Release|Any CPU.Deploy.0 = Release|x86
		{461E0500-5DE8-449A-99B6-091D3B364DDF}.Release|ARM.ActiveCfg = Release|ARM
		{461E0500-5DE8-449A-99B6-091D3B364DDF}.Release|ARM.Build.0 = Release|ARM
		{461E0500-5DE8-449A-99B6-091D3B364DDF}.Release|ARM.Deploy.0 = Release|ARM
		{461E0500-5DE8-449A-99B6-091D3B364DDF}.Release|iPhone.ActiveCfg = Release|x86
		{461E0500-5DE8-449A-99B6-091D3B364DDF}.Release|iPhone.Build.0 = Release|x86
		{461E0500-5DE8-449A-99B6-091D3B364DDF}.Release|iPhone.Deploy.0 = Release|x86
		{461E0500-5DE8-449A-99B6-091D3B364DDF}.Release|iPhoneSimulator.ActiveCfg = Release|x86
		{461E0500-5DE8-449A-99B6-091D3B364DDF}.Release|iPhoneSimulator.Build.0 = Release|x86
		{461E0500-5DE8-449A-99B6-091D3B364DDF}.Release|iPhoneSimulator.Deploy.0 = Release|x86
		{461E0500-5DE8-449A-99B6-091D3B364DDF}.Release|x64.ActiveCfg = Release|x64
		{461E0500-5DE8-449A-99B6-091D3B364DDF}.Release|x64.Build.0 = Release|x64
		{461E0500-5DE8-449A-99B6-091D3B364DDF}.Release|x64.Deploy.0 = Release|x64
		{461E0500-5DE8-449A-99B6-091D3B364DDF}.Release|x86.ActiveCfg = Release|x86
		{461E0500-5DE8-449A-99B6-091D3B364DDF}.Release|x86.Build.0 = Release|x86
		{461E0500-5DE8-449A-99B6-091D3B364DDF}.Release|x86.Deploy.0 = Release|x86
		{F190095B-573A-4458-956C-9A85FBDA88BD}.Ad-Hoc|Any CPU.ActiveCfg = Debug|Any CPU
		{F190095B-573A-4458-956C-9A85FBDA88BD}.Ad-Hoc|Any CPU.Build.0 = Debug|Any CPU
		{F190095B-573A-4458-956C-9A85FBDA88BD}.Ad-Hoc|Any CPU.Deploy.0 = Debug|Any CPU
		{F190095B-573A-4458-956C-9A85FBDA88BD}.Ad-Hoc|ARM.ActiveCfg = Debug|Any CPU
		{F190095B-573A-4458-956C-9A85FBDA88BD}.Ad-Hoc|ARM.Build.0 = Debug|Any CPU
		{F190095B-573A-4458-956C-9A85FBDA88BD}.Ad-Hoc|ARM.Deploy.0 = Debug|Any CPU
		{F190095B-573A-4458-956C-9A85FBDA88BD}.Ad-Hoc|iPhone.ActiveCfg = Debug|Any CPU
		{F190095B-573A-4458-956C-9A85FBDA88BD}.Ad-Hoc|iPhone.Build.0 = Debug|Any CPU
		{F190095B-573A-4458-956C-9A85FBDA88BD}.Ad-Hoc|iPhone.Deploy.0 = Debug|Any CPU
		{F190095B-573A-4458-956C-9A85FBDA88BD}.Ad-Hoc|iPhoneSimulator.ActiveCfg = Debug|Any CPU
		{F190095B-573A-4458-956C-9A85FBDA88BD}.Ad-Hoc|iPhoneSimulator.Build.0 = Debug|Any CPU
		{F190095B-573A-4458-956C-9A85FBDA88BD}.Ad-Hoc|iPhoneSimulator.Deploy.0 = Debug|Any CPU
		{F190095B-573A-4458-956C-9A85FBDA88BD}.Ad-Hoc|x64.ActiveCfg = Debug|Any CPU
		{F190095B-573A-4458-956C-9A85FBDA88BD}.Ad-Hoc|x64.Build.0 = Debug|Any CPU
		{F190095B-573A-4458-956C-9A85FBDA88BD}.Ad-Hoc|x64.Deploy.0 = Debug|Any CPU
		{F190095B-573A-4458-956C-9A85FBDA88BD}.Ad-Hoc|x86.ActiveCfg = Debug|Any CPU
		{F190095B-573A-4458-956C-9A85FBDA88BD}.Ad-Hoc|x86.Build.0 = Debug|Any CPU
		{F190095B-573A-4458-956C-9A85FBDA88BD}.Ad-Hoc|x86.Deploy.0 = Debug|Any CPU
		{F190095B-573A-4458-956C-9A85FBDA88BD}.AppStore|Any CPU.ActiveCfg = Debug|Any CPU
		{F190095B-573A-4458-956C-9A85FBDA88BD}.AppStore|Any CPU.Build.0 = Debug|Any CPU
		{F190095B-573A-4458-956C-9A85FBDA88BD}.AppStore|Any CPU.Deploy.0 = Debug|Any CPU
		{F190095B-573A-4458-956C-9A85FBDA88BD}.AppStore|ARM.ActiveCfg = Debug|Any CPU
		{F190095B-573A-4458-956C-9A85FBDA88BD}.AppStore|ARM.Build.0 = Debug|Any CPU
		{F190095B-573A-4458-956C-9A85FBDA88BD}.AppStore|ARM.Deploy.0 = Debug|Any CPU
		{F190095B-573A-4458-956C-9A85FBDA88BD}.AppStore|iPhone.ActiveCfg = Debug|Any CPU
		{F190095B-573A-4458-956C-9A85FBDA88BD}.AppStore|iPhone.Build.0 = Debug|Any CPU
		{F190095B-573A-4458-956C-9A85FBDA88BD}.AppStore|iPhone.Deploy.0 = Debug|Any CPU
		{F190095B-573A-4458-956C-9A85FBDA88BD}.AppStore|iPhoneSimulator.ActiveCfg = Debug|Any CPU
		{F190095B-573A-4458-956C-9A85FBDA88BD}.AppStore|iPhoneSimulator.Build.0 = Debug|Any CPU
		{F190095B-573A-4458-956C-9A85FBDA88BD}.AppStore|iPhoneSimulator.Deploy.0 = Debug|Any CPU
		{F190095B-573A-4458-956C-9A85FBDA88BD}.AppStore|x64.ActiveCfg = Debug|Any CPU
		{F190095B-573A-4458-956C-9A85FBDA88BD}.AppStore|x64.Build.0 = Debug|Any CPU
		{F190095B-573A-4458-956C-9A85FBDA88BD}.AppStore|x64.Deploy.0 = Debug|Any CPU
		{F190095B-573A-4458-956C-9A85FBDA88BD}.AppStore|x86.ActiveCfg = Debug|Any CPU
		{F190095B-573A-4458-956C-9A85FBDA88BD}.AppStore|x86.Build.0 = Debug|Any CPU
		{F190095B-573A-4458-956C-9A85FBDA88BD}.AppStore|x86.Deploy.0 = Debug|Any CPU
		{F190095B-573A-4458-956C-9A85FBDA88BD}.Debug|Any CPU.ActiveCfg = Debug|Any CPU
		{F190095B-573A-4458-956C-9A85FBDA88BD}.Debug|Any CPU.Build.0 = Debug|Any CPU
		{F190095B-573A-4458-956C-9A85FBDA88BD}.Debug|Any CPU.Deploy.0 = Debug|Any CPU
		{F190095B-573A-4458-956C-9A85FBDA88BD}.Debug|ARM.ActiveCfg = Debug|Any CPU
		{F190095B-573A-4458-956C-9A85FBDA88BD}.Debug|ARM.Build.0 = Debug|Any CPU
		{F190095B-573A-4458-956C-9A85FBDA88BD}.Debug|ARM.Deploy.0 = Debug|Any CPU
		{F190095B-573A-4458-956C-9A85FBDA88BD}.Debug|iPhone.ActiveCfg = Debug|Any CPU
		{F190095B-573A-4458-956C-9A85FBDA88BD}.Debug|iPhone.Build.0 = Debug|Any CPU
		{F190095B-573A-4458-956C-9A85FBDA88BD}.Debug|iPhone.Deploy.0 = Debug|Any CPU
		{F190095B-573A-4458-956C-9A85FBDA88BD}.Debug|iPhoneSimulator.ActiveCfg = Debug|Any CPU
		{F190095B-573A-4458-956C-9A85FBDA88BD}.Debug|iPhoneSimulator.Build.0 = Debug|Any CPU
		{F190095B-573A-4458-956C-9A85FBDA88BD}.Debug|iPhoneSimulator.Deploy.0 = Debug|Any CPU
		{F190095B-573A-4458-956C-9A85FBDA88BD}.Debug|x64.ActiveCfg = Debug|Any CPU
		{F190095B-573A-4458-956C-9A85FBDA88BD}.Debug|x64.Build.0 = Debug|Any CPU
		{F190095B-573A-4458-956C-9A85FBDA88BD}.Debug|x64.Deploy.0 = Debug|Any CPU
		{F190095B-573A-4458-956C-9A85FBDA88BD}.Debug|x86.ActiveCfg = Debug|Any CPU
		{F190095B-573A-4458-956C-9A85FBDA88BD}.Debug|x86.Build.0 = Debug|Any CPU
		{F190095B-573A-4458-956C-9A85FBDA88BD}.Debug|x86.Deploy.0 = Debug|Any CPU
		{F190095B-573A-4458-956C-9A85FBDA88BD}.Release|Any CPU.ActiveCfg = Release|Any CPU
		{F190095B-573A-4458-956C-9A85FBDA88BD}.Release|Any CPU.Build.0 = Release|Any CPU
		{F190095B-573A-4458-956C-9A85FBDA88BD}.Release|Any CPU.Deploy.0 = Release|Any CPU
		{F190095B-573A-4458-956C-9A85FBDA88BD}.Release|ARM.ActiveCfg = Release|Any CPU
		{F190095B-573A-4458-956C-9A85FBDA88BD}.Release|ARM.Build.0 = Release|Any CPU
		{F190095B-573A-4458-956C-9A85FBDA88BD}.Release|ARM.Deploy.0 = Release|Any CPU
		{F190095B-573A-4458-956C-9A85FBDA88BD}.Release|iPhone.ActiveCfg = Release|Any CPU
		{F190095B-573A-4458-956C-9A85FBDA88BD}.Release|iPhone.Build.0 = Release|Any CPU
		{F190095B-573A-4458-956C-9A85FBDA88BD}.Release|iPhone.Deploy.0 = Release|Any CPU
		{F190095B-573A-4458-956C-9A85FBDA88BD}.Release|iPhoneSimulator.ActiveCfg = Release|Any CPU
		{F190095B-573A-4458-956C-9A85FBDA88BD}.Release|iPhoneSimulator.Build.0 = Release|Any CPU
		{F190095B-573A-4458-956C-9A85FBDA88BD}.Release|iPhoneSimulator.Deploy.0 = Release|Any CPU
		{F190095B-573A-4458-956C-9A85FBDA88BD}.Release|x64.ActiveCfg = Release|Any CPU
		{F190095B-573A-4458-956C-9A85FBDA88BD}.Release|x64.Build.0 = Release|Any CPU
		{F190095B-573A-4458-956C-9A85FBDA88BD}.Release|x64.Deploy.0 = Release|Any CPU
		{F190095B-573A-4458-956C-9A85FBDA88BD}.Release|x86.ActiveCfg = Release|Any CPU
		{F190095B-573A-4458-956C-9A85FBDA88BD}.Release|x86.Build.0 = Release|Any CPU
		{F190095B-573A-4458-956C-9A85FBDA88BD}.Release|x86.Deploy.0 = Release|Any CPU
	EndGlobalSection
	GlobalSection(SolutionProperties) = preSolution
		HideSolutionNode = FALSE
	EndGlobalSection
	GlobalSection(ExtensibilityGlobals) = postSolution
		SolutionGuid = {DF8C30F3-F7A6-41EA-BB40-45A993633262}
	EndGlobalSection
EndGlobal
